
Microsoft Visual Studio Solution File, Format Version 12.00
# Visual Studio 14
VisualStudioVersion = 14.0.25420.1
MinimumVisualStudioVersion = 10.0.40219.1
Project("{FAE04EC0-301F-11D3-BF4B-00C04F79EFBC}") = "ThreadingInCSharp", "ThreadingInCSharp.csproj", "{76177F5B-1041-4024-8469-EB4844ECD229}"
EndProject
Project("{FAE04EC0-301F-11D3-BF4B-00C04F79EFBC}") = "ThreadingInCSharpTest", "..\ThreadingInCSharpTest\ThreadingInCSharpTest.csproj", "{96B72F10-7971-4989-A703-5C20B3343FA1}"
EndProject
Global
	GlobalSection(SolutionConfigurationPlatforms) = preSolution
		Debug|Any CPU = Debug|Any CPU
		Release|Any CPU = Release|Any CPU
	EndGlobalSection
	GlobalSection(ProjectConfigurationPlatforms) = postSolution
		{76177F5B-1041-4024-8469-EB4844ECD229}.Debug|Any CPU.ActiveCfg = Debug|Any CPU
		{76177F5B-1041-4024-8469-EB4844ECD229}.Debug|Any CPU.Build.0 = Debug|Any CPU
		{76177F5B-1041-4024-8469-EB4844ECD229}.Release|Any CPU.ActiveCfg = Release|Any CPU
		{76177F5B-1041-4024-8469-EB4844ECD229}.Release|Any CPU.Build.0 = Release|Any CPU
		{96B72F10-7971-4989-A703-5C20B3343FA1}.Debug|Any CPU.ActiveCfg = Debug|Any CPU
		{96B72F10-7971-4989-A703-5C20B3343FA1}.Debug|Any CPU.Build.0 = Debug|Any CPU
		{96B72F10-7971-4989-A703-5C20B3343FA1}.Release|Any CPU.ActiveCfg = Release|Any CPU
		{96B72F10-7971-4989-A703-5C20B3343FA1}.Release|Any CPU.Build.0 = Release|Any CPU
	EndGlobalSection
	GlobalSection(SolutionProperties) = preSolution
		HideSolutionNode = FALSE
	EndGlobalSection
EndGlobal
